Microsoft Visual Studio Solution File, Format Version 12.00
# Visual Studio Version 17
VisualStudioVersion = 17.5.2.0
MinimumVisualStudioVersion = 10.0.40219.1
Project("{FAE04EC0-301F-11D3-BF4B-00C04F79EFBC}") = "FinanceSystem-Dotnet", "FinanceSystem-Dotnet.csproj", "{277E2912-02F5-05DF-B2D6-8D5876C5600E}"
EndProject
Global
	GlobalSection(SolutionConfigurationPlatforms) = preSolution
		Debug|Any CPU = Debug|Any CPU
		Release|Any CPU = Release|Any CPU
	EndGlobalSection
	GlobalSection(ProjectConfigurationPlatforms) = postSolution
		{277E2912-02F5-05DF-B2D6-8D5876C5600E}.Debug|Any CPU.ActiveCfg = Debug|Any CPU
		{277E2912-02F5-05DF-B2D6-8D5876C5600E}.Debug|Any CPU.Build.0 = Debug|Any CPU
		{277E2912-02F5-05DF-B2D6-8D5876C5600E}.Release|Any CPU.ActiveCfg = Release|Any CPU
		{277E2912-02F5-05DF-B2D6-8D5876C5600E}.Release|Any CPU.Build.0 = Release|Any CPU
	EndGlobalSection
	GlobalSection(SolutionProperties) = preSolution
		HideSolutionNode = FALSE
	EndGlobalSection
	GlobalSection(ExtensibilityGlobals) = postSolution
		SolutionGuid = {44BE1FD7-1669-42E9-8E77-D7EEC2901D38}
	EndGlobalSection
EndGlobal
